
Microsoft Visual Studio Solution File, Format Version 12.00
# Visual Studio Version 17
VisualStudioVersion = 17.4.33122.133
MinimumVisualStudioVersion = 10.0.40219.1
Project("{9A19103F-16F7-4668-BE54-9A1E7A4F7556}") = "HotelAirportService.Domain", "HotelAirportService.Domain\HotelAirportService.Domain.csproj", "{2505785A-479D-4D73-A18F-7028015D5C1F}"
EndProject
Project("{9A19103F-16F7-4668-BE54-9A1E7A4F7556}") = "HotelAirportService.DataAccess", "HotelAirportService.DataAccess\HotelAirportService.DataAccess.csproj", "{E558E4D6-261F-4694-B5FB-C7FF080498F8}"
EndProject
Project("{9A19103F-16F7-4668-BE54-9A1E7A4F7556}") = "HotelAirportService.Extensions", "HotelAirportService.Extensions\HotelAirportService.Extensions.csproj", "{37C34B93-05FE-4734-BBF9-73E1627C201B}"
EndProject
Project("{9A19103F-16F7-4668-BE54-9A1E7A4F7556}") = "HotelAirportService.Options", "HotelAirportService.Options\HotelAirportService.Options.csproj", "{00EACA4B-1371-48DB-9BB4-3A2DAD4E1860}"
EndProject
Project("{2150E333-8FDC-42A3-9474-1A3956D46DE8}") = "Solution Items", "Solution Items", "{83A84489-70B8-4BB1-94B9-A3294E411EF5}"
	ProjectSection(SolutionItems) = preProject
		NewMigration.bat = NewMigration.bat
		RemoveMigration.bat = RemoveMigration.bat
		UpdateDatabase.bat = UpdateDatabase.bat
	EndProjectSection
EndProject
Project("{9A19103F-16F7-4668-BE54-9A1E7A4F7556}") = "HotelAirportService.WebApplication", "HotelAirportService.WebApplication\HotelAirportService.WebApplication.csproj", "{F7573D55-DC45-4A3B-A9CC-0B1044D953AF}"
EndProject
Project("{9A19103F-16F7-4668-BE54-9A1E7A4F7556}") = "HotelAirportService.RestApi", "HotelAirportService.RestApi\HotelAirportService.RestApi.csproj", "{F41893BA-C474-4BC9-8CB7-15D4F7A34039}"
EndProject
Project("{2150E333-8FDC-42A3-9474-1A3956D46DE8}") = "Web", "Web", "{57B59787-2198-4E08-94EF-1DF41493BEF5}"
EndProject
Project("{2150E333-8FDC-42A3-9474-1A3956D46DE8}") = "Lib", "Lib", "{055C8401-61AD-4EE4-8189-D17C48B2BD76}"
EndProject
Project("{9A19103F-16F7-4668-BE54-9A1E7A4F7556}") = "HotelAirportService.Dto", "HotelAirportService.Dto\HotelAirportService.Dto.csproj", "{22226A2F-753E-400D-8067-A3D101D198A6}"
EndProject
Project("{FAE04EC0-301F-11D3-BF4B-00C04F79EFBC}") = "HotelAirportService.BusinessLogic", "HotelAirportService.BusinessLogic\HotelAirportService.BusinessLogic.csproj", "{A9341A3A-C7A1-4C45-ABE5-57B2835FB7D2}"
EndProject
Global
	GlobalSection(SolutionConfigurationPlatforms) = preSolution
		Debug|Any CPU = Debug|Any CPU
		Release|Any CPU = Release|Any CPU
	EndGlobalSection
	GlobalSection(ProjectConfigurationPlatforms) = postSolution
		{2505785A-479D-4D73-A18F-7028015D5C1F}.Debug|Any CPU.ActiveCfg = Debug|Any CPU
		{2505785A-479D-4D73-A18F-7028015D5C1F}.Debug|Any CPU.Build.0 = Debug|Any CPU
		{2505785A-479D-4D73-A18F-7028015D5C1F}.Release|Any CPU.ActiveCfg = Release|Any CPU
		{2505785A-479D-4D73-A18F-7028015D5C1F}.Release|Any CPU.Build.0 = Release|Any CPU
		{E558E4D6-261F-4694-B5FB-C7FF080498F8}.Debug|Any CPU.ActiveCfg = Debug|Any CPU
		{E558E4D6-261F-4694-B5FB-C7FF080498F8}.Debug|Any CPU.Build.0 = Debug|Any CPU
		{E558E4D6-261F-4694-B5FB-C7FF080498F8}.Release|Any CPU.ActiveCfg = Release|Any CPU
		{E558E4D6-261F-4694-B5FB-C7FF080498F8}.Release|Any CPU.Build.0 = Release|Any CPU
		{37C34B93-05FE-4734-BBF9-73E1627C201B}.Debug|Any CPU.ActiveCfg = Debug|Any CPU
		{37C34B93-05FE-4734-BBF9-73E1627C201B}.Debug|Any CPU.Build.0 = Debug|Any CPU
		{37C34B93-05FE-4734-BBF9-73E1627C201B}.Release|Any CPU.ActiveCfg = Release|Any CPU
		{37C34B93-05FE-4734-BBF9-73E1627C201B}.Release|Any CPU.Build.0 = Release|Any CPU
		{00EACA4B-1371-48DB-9BB4-3A2DAD4E1860}.Debug|Any CPU.ActiveCfg = Debug|Any CPU
		{00EACA4B-1371-48DB-9BB4-3A2DAD4E1860}.Debug|Any CPU.Build.0 = Debug|Any CPU
		{00EACA4B-1371-48DB-9BB4-3A2DAD4E1860}.Release|Any CPU.ActiveCfg = Release|Any CPU
		{00EACA4B-1371-48DB-9BB4-3A2DAD4E1860}.Release|Any CPU.Build.0 = Release|Any CPU
		{F7573D55-DC45-4A3B-A9CC-0B1044D953AF}.Debug|Any CPU.ActiveCfg = Debug|Any CPU
		{F7573D55-DC45-4A3B-A9CC-0B1044D953AF}.Debug|Any CPU.Build.0 = Debug|Any CPU
		{F7573D55-DC45-4A3B-A9CC-0B1044D953AF}.Release|Any CPU.ActiveCfg = Release|Any CPU
		{F7573D55-DC45-4A3B-A9CC-0B1044D953AF}.Release|Any CPU.Build.0 = Release|Any CPU
		{F41893BA-C474-4BC9-8CB7-15D4F7A34039}.Debug|Any CPU.ActiveCfg = Debug|Any CPU
		{F41893BA-C474-4BC9-8CB7-15D4F7A34039}.Debug|Any CPU.Build.0 = Debug|Any CPU
		{F41893BA-C474-4BC9-8CB7-15D4F7A34039}.Release|Any CPU.ActiveCfg = Release|Any CPU
		{F41893BA-C474-4BC9-8CB7-15D4F7A34039}.Release|Any CPU.Build.0 = Release|Any CPU
		{22226A2F-753E-400D-8067-A3D101D198A6}.Debug|Any CPU.ActiveCfg = Debug|Any CPU
		{22226A2F-753E-400D-8067-A3D101D198A6}.Debug|Any CPU.Build.0 = Debug|Any CPU
		{22226A2F-753E-400D-8067-A3D101D198A6}.Release|Any CPU.ActiveCfg = Release|Any CPU
		{22226A2F-753E-400D-8067-A3D101D198A6}.Release|Any CPU.Build.0 = Release|Any CPU
		{A9341A3A-C7A1-4C45-ABE5-57B2835FB7D2}.Debug|Any CPU.ActiveCfg = Debug|Any CPU
		{A9341A3A-C7A1-4C45-ABE5-57B2835FB7D2}.Debug|Any CPU.Build.0 = Debug|Any CPU
		{A9341A3A-C7A1-4C45-ABE5-57B2835FB7D2}.Release|Any CPU.ActiveCfg = Release|Any CPU
		{A9341A3A-C7A1-4C45-ABE5-57B2835FB7D2}.Release|Any CPU.Build.0 = Release|Any CPU
	EndGlobalSection
	GlobalSection(SolutionProperties) = preSolution
		HideSolutionNode = FALSE
	EndGlobalSection
	GlobalSection(NestedProjects) = preSolution
		{2505785A-479D-4D73-A18F-7028015D5C1F} = {055C8401-61AD-4EE4-8189-D17C48B2BD76}
		{E558E4D6-261F-4694-B5FB-C7FF080498F8} = {055C8401-61AD-4EE4-8189-D17C48B2BD76}
		{37C34B93-05FE-4734-BBF9-73E1627C201B} = {055C8401-61AD-4EE4-8189-D17C48B2BD76}
		{00EACA4B-1371-48DB-9BB4-3A2DAD4E1860} = {055C8401-61AD-4EE4-8189-D17C48B2BD76}
		{F7573D55-DC45-4A3B-A9CC-0B1044D953AF} = {57B59787-2198-4E08-94EF-1DF41493BEF5}
		{F41893BA-C474-4BC9-8CB7-15D4F7A34039} = {57B59787-2198-4E08-94EF-1DF41493BEF5}
		{22226A2F-753E-400D-8067-A3D101D198A6} = {055C8401-61AD-4EE4-8189-D17C48B2BD76}
	EndGlobalSection
	GlobalSection(ExtensibilityGlobals) = postSolution
		SolutionGuid = {59BF36F7-E4E3-40FE-B463-BB064A9CCCB1}
	EndGlobalSection
EndGlobal
